// !$*UTF8*$!
{
	archiveVersion = 1;
	classes = {
	};
	objectVersion = 46;
	objects = {

/* Begin PBXBuildFile section */
		11040F8D1CCCD99C00D3A9DF /* main.swift in Sources */ = {isa = PBXBuildFile; fileRef = 11040F8C1CCCD99C00D3A9DF /* main.swift */; };
/* End PBXBuildFile section */

/* Begin PBXCopyFilesBuildPhase section */
		11040F871CCCD99C00D3A9DF /* CopyFiles */ = {
			isa = PBXCopyFilesBuildPhase;
			buildActionMask = 2147483647;
			dstPath = /usr/share/man/man1/;
			dstSubfolderSpec = 0;
			files = (
			);
			runOnlyForDeploymentPostprocessing = 1;
		};
/* End PBXCopyFilesBuildPhase section */

/* Begin PBXFileReference section */
		11040F891CCCD99C00D3A9DF /* Bank-Kata-Swift */ = {isa = PBXFileReference; explicitFileType = "compiled.mach-o.executable"; includeInIndex = 0; path = "Bank-Kata-Swift"; sourceTree = BUILT_PRODUCTS_DIR; };
		11040F8C1CCCD99C00D3A9DF /* main.swift */ = {isa = PBXFileReference; lastKnownFileType = sourcecode.swift; path = main.swift; sourceTree = "<group>"; };
		11040F971CCCD9AB00D3A9DF /* Bank-Kata-UnitTests.xctest */ = {isa = PBXFileReference; explicitFileType = wrapper.cfbundle; includeInIndex = 0; path = "Bank-Kata-UnitTests.xctest"; sourceTree = BUILT_PRODUCTS_DIR; };
		11040F9B1CCCD9AB00D3A9DF /* Info.plist */ = {isa = PBXFileReference; lastKnownFileType = text.plist.xml; path = Info.plist; sourceTree = "<group>"; };
/* End PBXFileReference section */

/* Begin PBXFrameworksBuildPhase section */
		11040F861CCCD99C00D3A9DF /* Frameworks */ = {
			isa = PBXFrameworksBuildPhase;
			buildActionMask = 2147483647;
			files = (
			);
			runOnlyForDeploymentPostprocessing = 0;
		};
		11040F941CCCD9AB00D3A9DF /* Frameworks */ = {
			isa = PBXFrameworksBuildPhase;
			buildActionMask = 2147483647;
			files = (
			);
			runOnlyForDeploymentPostprocessing = 0;
		};
/* End PBXFrameworksBuildPhase section */

/* Begin PBXGroup section */
		11040F801CCCD99C00D3A9DF = {
			isa = PBXGroup;
			children = (
				11040F8B1CCCD99C00D3A9DF /* Bank-Kata-Swift */,
				11040F981CCCD9AB00D3A9DF /* Bank-Kata-UnitTests */,
				11040F8A1CCCD99C00D3A9DF /* Products */,
			);
			sourceTree = "<group>";
		};
		11040F8A1CCCD99C00D3A9DF /* Products */ = {
			isa = PBXGroup;
			children = (
				11040F891CCCD99C00D3A9DF /* Bank-Kata-Swift */,
				11040F971CCCD9AB00D3A9DF /* Bank-Kata-UnitTests.xctest */,
			);
			name = Products;
			sourceTree = "<group>";
		};
		11040F8B1CCCD99C00D3A9DF /* Bank-Kata-Swift */ = {
			isa = PBXGroup;
			children = (
				11040F8C1CCCD99C00D3A9DF /* main.swift */,
			);
			path = "Bank-Kata-Swift";
			sourceTree = "<group>";
		};
		11040F981CCCD9AB00D3A9DF /* Bank-Kata-UnitTests */ = {
			isa = PBXGroup;
			children = (
				11040F9B1CCCD9AB00D3A9DF /* Info.plist */,
			);
			path = "Bank-Kata-UnitTests";
			sourceTree = "<group>";
		};
/* End PBXGroup section */

/* Begin PBXNativeTarget section */
		11040F881CCCD99C00D3A9DF /* Bank-Kata-Swift */ = {
			isa = PBXNativeTarget;
			buildConfigurationList = 11040F901CCCD99C00D3A9DF /* Build configuration list for PBXNativeTarget "Bank-Kata-Swift" */;
			buildPhases = (
				11040F851CCCD99C00D3A9DF /* Sources */,
				11040F861CCCD99C00D3A9DF /* Frameworks */,
				11040F871CCCD99C00D3A9DF /* CopyFiles */,
			);
			buildRules = (
			);
			dependencies = (
			);
			name = "Bank-Kata-Swift";
			productName = "Bank-Kata-Swift";
			productReference = 11040F891CCCD99C00D3A9DF /* Bank-Kata-Swift */;
			productType = "com.apple.product-type.tool";
		};
		11040F961CCCD9AB00D3A9DF /* Bank-Kata-UnitTests */ = {
			isa = PBXNativeTarget;
			buildConfigurationList = 11040F9C1CCCD9AB00D3A9DF /* Build configuration list for PBXNativeTarget "Bank-Kata-UnitTests" */;
			buildPhases = (
				11040F931CCCD9AB00D3A9DF /* Sources */,
				11040F941CCCD9AB00D3A9DF /* Frameworks */,
				11040F951CCCD9AB00D3A9DF /* Resources */,
			);
			buildRules = (
			);
			dependencies = (
			);
			name = "Bank-Kata-UnitTests";
			productName = "Bank-Kata-UnitTests";
			productReference = 11040F971CCCD9AB00D3A9DF /* Bank-Kata-UnitTests.xctest */;
			productType = "com.apple.product-type.bundle.unit-test";
		};
/* End PBXNativeTarget section */

/* Begin PBXProject section */
		11040F811CCCD99C00D3A9DF /* Project object */ = {
			isa = PBXProject;
			attributes = {
				LastSwiftUpdateCheck = 0730;
				LastUpgradeCheck = 0730;
				ORGANIZATIONNAME = "Tomás Ruiz López";
				TargetAttributes = {
					11040F881CCCD99C00D3A9DF = {
						CreatedOnToolsVersion = 7.3;
					};
					11040F961CCCD9AB00D3A9DF = {
						CreatedOnToolsVersion = 7.3;
					};
				};
			};
			buildConfigurationList = 11040F841CCCD99C00D3A9DF /* Build configuration list for PBXProject "Bank-Kata-Swift" */;
			compatibilityVersion = "Xcode 3.2";
			developmentRegion = English;
			hasScannedForEncodings = 0;
			knownRegions = (
				en,
			);
			mainGroup = 11040F801CCCD99C00D3A9DF;
			productRefGroup = 11040F8A1CCCD99C00D3A9DF /* Products */;
			projectDirPath = "";
			projectRoot = "";
			targets = (
				11040F881CCCD99C00D3A9DF /* Bank-Kata-Swift */,
				11040F961CCCD9AB00D3A9DF /* Bank-Kata-UnitTests */,
			);
		};
/* End PBXProject section */

/* Begin PBXResourcesBuildPhase section */
		11040F951CCCD9AB00D3A9DF /* Resources */ = {
			isa = PBXResourcesBuildPhase;
			buildActionMask = 2147483647;
			files = (
			);
			runOnlyForDeploymentPostprocessing = 0;
		};
/* End PBXResourcesBuildPhase section */

/* Begin PBXSourcesBuildPhase section */
		11040F851CCCD99C00D3A9DF /* Sources */ = {
			isa = PBXSourcesBuildPhase;
			buildActionMask = 2147483647;
			files = (
				11040F8D1CCCD99C00D3A9DF /* main.swift in Sources */,
			);
			runOnlyForDeploymentPostprocessing = 0;
		};
		11040F931CCCD9AB00D3A9DF /* Sources */ = {
			isa = PBXSourcesBuildPhase;
			buildActionMask = 2147483647;
			files = (
			);
			runOnlyForDeploymentPostprocessing = 0;
		};
/* End PBXSourcesBuildPhase section */

/* Begin XCBuildConfiguration section */
		11040F8E1CCCD99C00D3A9DF /* Debug */ = {
			isa = XCBuildConfiguration;
			buildSettings = {
				ALWAYS_SEARCH_USER_PATHS = NO;
				CLANG_ANALYZER_NONNULL = YES;
				CLANG_CXX_LANGUAGE_STANDARD = "gnu++0x";
				CLANG_CXX_LIBRARY = "libc++";
				CLANG_ENABLE_MODULES = YES;
				CLANG_ENABLE_OBJC_ARC = YES;
				CLANG_WARN_BOOL_CONVERSION = YES;
				CLANG_WARN_CONSTANT_CONVERSION = YES;
				CLANG_WARN_DIRECT_OBJC_ISA_USAGE = YES_ERROR;
				CLANG_WARN_EMPTY_BODY = YES;
				CLANG_WARN_ENUM_CONVERSION = YES;
				CLANG_WARN_INT_CONVERSION = YES;
				CLANG_WARN_OBJC_ROOT_CLASS = YES_ERROR;
				CLANG_WARN_UNREACHABLE_CODE = YES;
				CLANG_WARN__DUPLICATE_METHOD_MATCH = YES;
				CODE_SIGN_IDENTITY = "-";
				COPY_PHASE_STRIP = NO;
				DEBUG_INFORMATION_FORMAT = dwarf;
				ENABLE_STRICT_OBJC_MSGSEND = YES;
				ENABLE_TESTABILITY = YES;
				GCC_C_LANGUAGE_STANDARD = gnu99;
				GCC_DYNAMIC_NO_PIC = NO;
				GCC_NO_COMMON_BLOCKS = YES;
				GCC_OPTIMIZATION_LEVEL = 0;
				GCC_PREPROCESSOR_DEFINITIONS = (
					"DEBUG=1",
					"$(inherited)",
				);
				GCC_WARN_64_TO_32_BIT_CONVERSION = YES;
				GCC_WARN_ABOUT_RETURN_TYPE = YES_ERROR;
				GCC_WARN_UNDECLARED_SELECTOR = YES;
				GCC_WARN_UNINITIALIZED_AUTOS = YES_AGGRESSIVE;
				GCC_WARN_UNUSED_FUNCTION = YES;
				GCC_WARN_UNUSED_VARIABLE = YES;
				MACOSX_DEPLOYMENT_TARGET = 10.11;
				MTL_ENABLE_DEBUG_INFO = YES;
				ONLY_ACTIVE_ARCH = YES;
				SDKROOT = macosx;
				SWIFT_OPTIMIZATION_LEVEL = "-Onone";
			};
			name = Debug;
		};
		11040F8F1CCCD99C00D3A9DF /* Release */ = {
			isa = XCBuildConfiguration;
			buildSettings = {
				ALWAYS_SEARCH_USER_PATHS = NO;
				CLANG_ANALYZER_NONNULL = YES;
				CLANG_CXX_LANGUAGE_STANDARD = "gnu++0x";
				CLANG_CXX_LIBRARY = "libc++";
				CLANG_ENABLE_MODULES = YES;
				CLANG_ENABLE_OBJC_ARC = YES;
				CLANG_WARN_BOOL_CONVERSION = YES;
				CLANG_WARN_CONSTANT_CONVERSION = YES;
				CLANG_WARN_DIRECT_OBJC_ISA_USAGE = YES_ERROR;
				CLANG_WARN_EMPTY_BODY = YES;
				CLANG_WARN_ENUM_CONVERSION = YES;
				CLANG_WARN_INT_CONVERSION = YES;
				CLANG_WARN_OBJC_ROOT_CLASS = YES_ERROR;
				CLANG_WARN_UNREACHABLE_CODE = YES;
				CLANG_WARN__DUPLICATE_METHOD_MATCH = YES;
				CODE_SIGN_IDENTITY = "-";
				COPY_PHASE_STRIP = NO;
				DEBUG_INFORMATION_FORMAT = "dwarf-with-dsym";
				ENABLE_NS_ASSERTIONS = NO;
				ENABLE_STRICT_OBJC_MSGSEND = YES;
				GCC_C_LANGUAGE_STANDARD = gnu99;
				GCC_NO_COMMON_BLOCKS = YES;
				GCC_WARN_64_TO_32_BIT_CONVERSION = YES;
				GCC_WARN_ABOUT_RETURN_TYPE = YES_ERROR;
				GCC_WARN_UNDECLARED_SELECTOR = YES;
				GCC_WARN_UNINITIALIZED_AUTOS = YES_AGGRESSIVE;
				GCC_WARN_UNUSED_FUNCTION = YES;
				GCC_WARN_UNUSED_VARIABLE = YES;
				MACOSX_DEPLOYMENT_TARGET = 10.11;
				MTL_ENABLE_DEBUG_INFO = NO;
				SDKROOT = macosx;
			};
			name = Release;
		};
		11040F911CCCD99C00D3A9DF /* Debug */ = {
			isa = XCBuildConfiguration;
			buildSettings = {
				PRODUCT_NAME = "$(TARGET_NAME)";
			};
			name = Debug;
		};
		11040F921CCCD99C00D3A9DF /* Release */ = {
			isa = XCBuildConfiguration;
			buildSettings = {
				PRODUCT_NAME = "$(TARGET_NAME)";
			};
			name = Release;
		};
		11040F9D1CCCD9AB00D3A9DF /* Debug */ = {
			isa = XCBuildConfiguration;
			buildSettings = {
				COMBINE_HIDPI_IMAGES = YES;
				INFOPLIST_FILE = "Bank-Kata-UnitTests/Info.plist";
				LD_RUNPATH_SEARCH_PATHS = "$(inherited) @executable_path/../Frameworks @loader_path/../Frameworks";
				PRODUCT_BUNDLE_IDENTIFIER = "com.truizlop.Bank-Kata-UnitTests";
				PRODUCT_NAME = "$(TARGET_NAME)";
			};
			name = Debug;
		};
		11040F9E1CCCD9AB00D3A9DF /* Release */ = {
			isa = XCBuildConfiguration;
			buildSettings = {
				COMBINE_HIDPI_IMAGES = YES;
				INFOPLIST_FILE = "Bank-Kata-UnitTests/Info.plist";
				LD_RUNPATH_SEARCH_PATHS = "$(inherited) @executable_path/../Frameworks @loader_path/../Frameworks";
				PRODUCT_BUNDLE_IDENTIFIER = "com.truizlop.Bank-Kata-UnitTests";
				PRODUCT_NAME = "$(TARGET_NAME)";
			};
			name = Release;
		};
/* End XCBuildConfiguration section */

/* Begin XCConfigurationList section */
		11040F841CCCD99C00D3A9DF /* Build configuration list for PBXProject "Bank-Kata-Swift" */ = {
			isa = XCConfigurationList;
			buildConfigurations = (
				11040F8E1CCCD99C00D3A9DF /* Debug */,
				11040F8F1CCCD99C00D3A9DF /* Release */,
			);
			defaultConfigurationIsVisible = 0;
			defaultConfigurationName = Release;
		};
		11040F901CCCD99C00D3A9DF /* Build configuration list for PBXNativeTarget "Bank-Kata-Swift" */ = {
			isa = XCConfigurationList;
			buildConfigurations = (
				11040F911CCCD99C00D3A9DF /* Debug */,
				11040F921CCCD99C00D3A9DF /* Release */,
			);
			defaultConfigurationIsVisible = 0;
		};
		11040F9C1CCCD9AB00D3A9DF /* Build configuration list for PBXNativeTarget "Bank-Kata-UnitTests" */ = {
			isa = XCConfigurationList;
			buildConfigurations = (
				11040F9D1CCCD9AB00D3A9DF /* Debug */,
				11040F9E1CCCD9AB00D3A9DF /* Release */,
			);
			defaultConfigurationIsVisible = 0;
		};
/* End XCConfigurationList section */
	};
	rootObject = 11040F811CCCD99C00D3A9DF /* Project object */;
}
